lockfileVersion: '9.0'

settings:
  autoInstallPeers: true
  excludeLinksFromLockfile: false

overrides:
  '@deepseek-ai/cordis': link:./harness-sdk/vendor/cordis
  '@deepseek-ai/cordis-plugin-group': link:./harness-sdk/vendor/group
  '@deepseek-ai/cordis-plugin-loader': link:./harness-sdk/vendor/loader
  '@deepseek-ai/cosmokit': link:./harness-sdk/vendor/cosmokit
  '@deepseek-ai/dsh-agent': link:./harness-sdk/packages/core/agent
  '@deepseek-ai/dsh-agent-loop': link:./harness-sdk/packages/core/agent-loop
  '@deepseek-ai/dsh-agent-loop-testkit': link:./harness-sdk/packages/test-support/agent-loop-testkit
  '@deepseek-ai/dsh-agent-preset-registry': link:./harness-sdk/packages/preset/agent-preset-registry
  '@deepseek-ai/dsh-api-remotes': link:./harness-sdk/packages/api/remotes
  '@deepseek-ai/dsh-api-session-controller': link:./harness-sdk/packages/api/session-controller
  '@deepseek-ai/dsh-client-locale': link:./harness-sdk/packages/client/locale
  '@deepseek-ai/dsh-client-store': link:./harness-sdk/packages/client/store
  '@deepseek-ai/dsh-client-ui-conversation': link:./harness-sdk/packages/client/ui-conversation
  '@deepseek-ai/dsh-client-ui-model-selection': link:./harness-sdk/packages/client/ui-model-selection
  '@deepseek-ai/dsh-client-ui-primitives': link:./harness-sdk/packages/client/ui-primitives
  '@deepseek-ai/dsh-client-ui-renderer': link:./harness-sdk/packages/client/ui-renderer
  '@deepseek-ai/dsh-client-ui-settings': link:./harness-sdk/packages/client/ui-settings
  '@deepseek-ai/dsh-compaction': link:./harness-sdk/packages/compaction/compaction
  '@deepseek-ai/dsh-compaction-basic': link:./harness-sdk/packages/compaction/compaction-basic
  '@deepseek-ai/dsh-compaction-image-offload': link:./harness-sdk/packages/compaction/compaction-image-offload
  '@deepseek-ai/dsh-llm': link:./harness-sdk/packages/llm/llm
  '@deepseek-ai/dsh-llm-retry': link:./harness-sdk/packages/llm/llm-retry
  '@deepseek-ai/dsh-session': link:./harness-sdk/packages/core/session
  '@deepseek-ai/dsh-session-format-catalog': link:./harness-sdk/packages/session/session-format-catalog
  '@deepseek-ai/dsh-session-projection': link:./harness-sdk/packages/session/session-projection
  '@deepseek-ai/dsh-session-query': link:./harness-sdk/packages/session-query/session-query
  '@deepseek-ai/dsh-settings': link:./harness-sdk/packages/settings/settings
  '@deepseek-ai/dsh-token-meter': link:./harness-sdk/packages/llm/token-meter
  '@deepseek-ai/dsh-tools': link:./harness-sdk/packages/core/tools
  '@deepseek-ai/dsh-workspace': link:./harness-sdk/packages/workspace/workspace
  '@deepseek-ai/dsh-typert-protocol': link:./harness-sdk/packages/typert/protocol
  '@deepseek-ai/schemastery': link:./harness-sdk/vendor/schemastery
  '@deepseek-ai/dsh-storage': link:./harness-sdk/packages/storage/storage
  '@deepseek-ai/dsh-storage-domain': link:./harness-sdk/packages/storage/storage-domain
  '@deepseek-ai/dsh-storage-json': link:./harness-sdk/packages/storage/storage-json
  '@deepseek-ai/dsh-session-persistence-jsonl': link:./harness-sdk/packages/session/session-persistence-jsonl
  '@deepseek-ai/dsh-compaction-tool-result-pruner': link:./harness-sdk/packages/compaction/compaction-tool-result-pruner

importers:

  .:
    dependencies:
      '@deepseek-ai/cordis':
        specifier: link:harness-sdk/vendor/cordis
        version: link:harness-sdk/vendor/cordis
      '@deepseek-ai/dsh-agent':
        specifier: link:harness-sdk/packages/core/agent
        version: link:harness-sdk/packages/core/agent
      '@deepseek-ai/dsh-api-remotes':
        specifier: link:harness-sdk/packages/api/remotes
        version: link:harness-sdk/packages/api/remotes
      '@deepseek-ai/dsh-api-session-controller':
        specifier: link:harness-sdk/packages/api/session-controller
        version: link:harness-sdk/packages/api/session-controller
      '@deepseek-ai/dsh-compaction':
        specifier: link:harness-sdk/packages/compaction/compaction
        version: link:harness-sdk/packages/compaction/compaction
      '@deepseek-ai/dsh-compaction-basic':
        specifier: link:harness-sdk/packages/compaction/compaction-basic
        version: link:harness-sdk/packages/compaction/compaction-basic
      '@deepseek-ai/dsh-llm':
        specifier: link:harness-sdk/packages/llm/llm
        version: link:harness-sdk/packages/llm/llm
      '@deepseek-ai/dsh-session':
        specifier: link:harness-sdk/packages/core/session
        version: link:harness-sdk/packages/core/session
      '@deepseek-ai/dsh-session-projection':
        specifier: link:harness-sdk/packages/session/session-projection
        version: link:harness-sdk/packages/session/session-projection
      '@deepseek-ai/dsh-session-query':
        specifier: link:harness-sdk/packages/session-query/session-query
        version: link:harness-sdk/packages/session-query/session-query
      '@deepseek-ai/dsh-storage-domain':
        specifier: link:harness-sdk/packages/storage/storage-domain
        version: link:harness-sdk/packages/storage/storage-domain
      '@deepseek-ai/dsh-token-meter':
        specifier: link:harness-sdk/packages/llm/token-meter
        version: link:harness-sdk/packages/llm/token-meter
      '@deepseek-ai/dsh-typert-protocol':
        specifier: link:harness-sdk/packages/typert/protocol
        version: link:harness-sdk/packages/typert/protocol
      '@deepseek-ai/schemastery':
        specifier: link:harness-sdk/vendor/schemastery
        version: link:harness-sdk/vendor/schemastery
      zod:
        specifier: 4.4.3
        version: 4.4.3
    devDependencies:
      '@deepseek-ai/cordis-plugin-group':
        specifier: link:harness-sdk/vendor/group
        version: link:harness-sdk/vendor/group
      '@deepseek-ai/cordis-plugin-loader':
        specifier: link:harness-sdk/vendor/loader
        version: link:harness-sdk/vendor/loader
      '@deepseek-ai/cosmokit':
        specifier: link:harness-sdk/vendor/cosmokit
        version: link:harness-sdk/vendor/cosmokit
      '@deepseek-ai/dsh-agent-loop':
        specifier: link:harness-sdk/packages/core/agent-loop
        version: link:harness-sdk/packages/core/agent-loop
      '@deepseek-ai/dsh-agent-loop-testkit':
        specifier: link:harness-sdk/packages/test-support/agent-loop-testkit
        version: link:harness-sdk/packages/test-support/agent-loop-testkit
      '@deepseek-ai/dsh-agent-preset-registry':
        specifier: link:harness-sdk/packages/preset/agent-preset-registry
        version: link:harness-sdk/packages/preset/agent-preset-registry
      '@deepseek-ai/dsh-client-locale':
        specifier: link:harness-sdk/packages/client/locale
        version: link:harness-sdk/packages/client/locale
      '@deepseek-ai/dsh-client-store':
        specifier: link:harness-sdk/packages/client/store
        version: link:harness-sdk/packages/client/store
      '@deepseek-ai/dsh-client-ui-conversation':
        specifier: link:harness-sdk/packages/client/ui-conversation
        version: link:harness-sdk/packages/client/ui-conversation
      '@deepseek-ai/dsh-client-ui-model-selection':
        specifier: link:harness-sdk/packages/client/ui-model-selection
        version: link:harness-sdk/packages/client/ui-model-selection
      '@deepseek-ai/dsh-client-ui-primitives':
        specifier: link:harness-sdk/packages/client/ui-primitives
        version: link:harness-sdk/packages/client/ui-primitives
      '@deepseek-ai/dsh-client-ui-renderer':
        specifier: link:harness-sdk/packages/client/ui-renderer
        version: link:harness-sdk/packages/client/ui-renderer
      '@deepseek-ai/dsh-client-ui-settings':
        specifier: link:harness-sdk/packages/client/ui-settings
        version: link:harness-sdk/packages/client/ui-settings
      '@deepseek-ai/dsh-compaction-image-offload':
        specifier: link:harness-sdk/packages/compaction/compaction-image-offload
        version: link:harness-sdk/packages/compaction/compaction-image-offload
      '@deepseek-ai/dsh-compaction-tool-result-pruner':
        specifier: link:harness-sdk/packages/compaction/compaction-tool-result-pruner
        version: link:harness-sdk/packages/compaction/compaction-tool-result-pruner
      '@deepseek-ai/dsh-llm-retry':
        specifier: link:harness-sdk/packages/llm/llm-retry
        version: link:harness-sdk/packages/llm/llm-retry
      '@deepseek-ai/dsh-session-format-catalog':
        specifier: link:harness-sdk/packages/session/session-format-catalog
        version: link:harness-sdk/packages/session/session-format-catalog
      '@deepseek-ai/dsh-session-persistence-jsonl':
        specifier: link:harness-sdk/packages/session/session-persistence-jsonl
        version: link:harness-sdk/packages/session/session-persistence-jsonl
      '@deepseek-ai/dsh-settings':
        specifier: link:harness-sdk/packages/settings/settings
        version: link:harness-sdk/packages/settings/settings
      '@deepseek-ai/dsh-storage':
        specifier: link:harness-sdk/packages/storage/storage
        version: link:harness-sdk/packages/storage/storage
      '@deepseek-ai/dsh-storage-json':
        specifier: link:harness-sdk/packages/storage/storage-json
        version: link:harness-sdk/packages/storage/storage-json
      '@deepseek-ai/dsh-tools':
        specifier: link:harness-sdk/packages/core/tools
        version: link:harness-sdk/packages/core/tools
      '@deepseek-ai/dsh-workspace':
        specifier: link:harness-sdk/packages/workspace/workspace
        version: link:harness-sdk/packages/workspace/workspace
      '@types/node':
        specifier: 22.20.0
        version: 22.20.0
      '@types/react':
        specifier: 18.3.31
        version: 18.3.31
      '@types/react-dom':
        specifier: 18.3.7
        version: 18.3.7(@types/react@18.3.31)
      esbuild:
        specifier: 0.21.5
        version: 0.21.5
      js-yaml:
        specifier: 4.2.0
        version: 4.2.0
      jsdom:
        specifier: 29.1.1
        version: 29.1.1
      react:
        specifier: 18.3.1
        version: 18.3.1
      react-dom:
        specifier: 18.3.1
        version: 18.3.1(react@18.3.1)
      typescript:
        specifier: 6.0.3
        version: 6.0.3

packages:

  '@asamuzakjp/css-color@5.1.11':
    resolution: {integrity: sha512-KVw6qIiCTUQhByfTd78h2yD1/00waTmm9uy/R7Ck/ctUyAPj+AEDLkQIdJW0T8+qGgj3j5bpNKK7Q3G+LedJWg==}
    engines: {node: ^20.19.0 || ^22.12.0 || >=24.0.0}

  '@asamuzakjp/dom-selector@7.1.1':
    resolution: {integrity: sha512-67RZDnYRc8H/8MLDgQCDE//zoqVFwajkepHZgmXrbwybzXOEwOWGPYGmALYl9J2DOLfFPPs6kKCqmbzV895hTQ==}
    engines: {node: ^20.19.0 || ^22.12.0 || >=24.0.0}

  '@asamuzakjp/generational-cache@1.0.1':
    resolution: {integrity: sha512-wajfB8KqzMCN2KGNFdLkReeHncd0AslUSrvHVvvYWuU8ghncRJoA50kT3zP9MVL0+9g4/67H+cdvBskj9THPzg==}
    engines: {node: ^20.19.0 || ^22.12.0 || >=24.0.0}

  '@asamuzakjp/nwsapi@2.3.9':
    resolution: {integrity: sha512-n8GuYSrI9bF7FFZ/SjhwevlHc8xaVlb/7HmHelnc/PZXBD2ZR49NnN9sMMuDdEGPeeRQ5d0hqlSlEpgCX3Wl0Q==}

  '@bramus/specificity@2.4.2':
    resolution: {integrity: sha512-ctxtJ/eA+t+6q2++vj5j7FYX3nRu311q1wfYH3xjlLOsczhlhxAg2FWNUXhpGvAw3BWo1xBcvOV6/YLc2r5FJw==}
    hasBin: true

  '@csstools/color-helpers@6.1.2':
    resolution: {integrity: sha512-grhRy3OKmniaAEKXMjua5z/EODX0MSqBGjunw8+j/3HQjOnahs2AGhvEOIYVUWcU6ScApbhLhVrQTX8XqrMrow==}
    engines: {node: '>=20.19.0'}

  '@csstools/css-calc@3.4.1':
    resolution: {integrity: sha512-EtC7SoN1j6J4E4DCwg5QgbO5TGxgxIA1RXqe+W+qUM+BUcezx9wT+/tiQ/WO2yCX4i5X+Cuf9ciJ22aP4UEwWw==}
    engines: {node: '>=20.19.0'}
    peerDependencies:
      '@csstools/css-parser-algorithms': ^4.0.1
      '@csstools/css-tokenizer': ^4.0.2

  '@csstools/css-color-parser@4.2.4':
    resolution: {integrity: sha512-DyefytAZ735mX4Dq/WcDAXFtXhaEFvme0ZS9tVEBAc2whxUthXr0R0L2rmEPm59SrMBkGrFzQviBXMs/UtnABQ==}
    engines: {node: '>=20.19.0'}
    peerDependencies:
      '@csstools/css-parser-algorithms': ^4.0.1
      '@csstools/css-tokenizer': ^4.0.2

  '@csstools/css-parser-algorithms@4.0.1':
    resolution: {integrity: sha512-ShL8BqPfbKJrJiKFH0xBbN0i7Nrh9HXYRuF+pzyj93R/BL2YAsUxJeqANErzqM+0JGl7vjHp+3OIgd/DL69YIA==}
    engines: {node: '>=20.19.0'}
    peerDependencies:
      '@csstools/css-tokenizer': ^4.0.2

  '@csstools/css-syntax-patches-for-csstree@1.1.14':
    resolution: {integrity: sha512-HpbVXyrofRXpHpgkNIjU/3EWR4WJvOkO3emNK/L6X/mTJU7bGUI3AkkpoTNXznQLp0KRjLHELTGeKI5dIkI9JQ==}
    peerDependencies:
      css-tree: ^3.2.1
    peerDependenciesMeta:
      css-tree:
        optional: true

  '@csstools/css-tokenizer@4.0.2':
    resolution: {integrity: sha512-OoKoR0f76dCY666JlcbhmVTs2drYj1GUXZTYTcbUgJjh9Nv41aFfZ21bPQTERm5+L5cBDo466NltB2lplS5GBw==}
    engines: {node: '>=20.19.0'}

  '@esbuild/aix-ppc64@0.21.5':
    resolution: {integrity: sha512-1SDgH6ZSPTlggy1yI6+Dbkiz8xzpHJEVAlF/AM1tHPLsf5STom9rwtjE4hKAF20FfXXNTFqEYXyJNWh1GiZedQ==}
    engines: {node: '>=12'}
    cpu: [ppc64]
    os: [aix]

  '@esbuild/android-arm64@0.21.5':
    resolution: {integrity: sha512-c0uX9VAUBQ7dTDCjq+wdyGLowMdtR/GoC2U5IYk/7D1H1JYC0qseD7+11iMP2mRLN9RcCMRcjC4YMclCzGwS/A==}
    engines: {node: '>=12'}
    cpu: [arm64]
    os: [android]

  '@esbuild/android-arm@0.21.5':
    resolution: {integrity: sha512-vCPvzSjpPHEi1siZdlvAlsPxXl7WbOVUBBAowWug4rJHb68Ox8KualB+1ocNvT5fjv6wpkX6o/iEpbDrf68zcg==}
    engines: {node: '>=12'}
    cpu: [arm]
    os: [android]

  '@esbuild/android-x64@0.21.5':
    resolution: {integrity: sha512-D7aPRUUNHRBwHxzxRvp856rjUHRFW1SdQATKXH2hqA0kAZb1hKmi02OpYRacl0TxIGz/ZmXWlbZgjwWYaCakTA==}
    engines: {node: '>=12'}
    cpu: [x64]
    os: [android]

  '@esbuild/darwin-arm64@0.21.5':
    resolution: {integrity: sha512-DwqXqZyuk5AiWWf3UfLiRDJ5EDd49zg6O9wclZ7kUMv2WRFr4HKjXp/5t8JZ11QbQfUS6/cRCKGwYhtNAY88kQ==}
    engines: {node: '>=12'}
    cpu: [arm64]
    os: [darwin]

  '@esbuild/darwin-x64@0.21.5':
    resolution: {integrity: sha512-se/JjF8NlmKVG4kNIuyWMV/22ZaerB+qaSi5MdrXtd6R08kvs2qCN4C09miupktDitvh8jRFflwGFBQcxZRjbw==}
    engines: {node: '>=12'}
    cpu: [x64]
    os: [darwin]

  '@esbuild/freebsd-arm64@0.21.5':
    resolution: {integrity: sha512-5JcRxxRDUJLX8JXp/wcBCy3pENnCgBR9bN6JsY4OmhfUtIHe3ZW0mawA7+RDAcMLrMIZaf03NlQiX9DGyB8h4g==}
    engines: {node: '>=12'}
    cpu: [arm64]
    os: [freebsd]

  '@esbuild/freebsd-x64@0.21.5':
    resolution: {integrity: sha512-J95kNBj1zkbMXtHVH29bBriQygMXqoVQOQYA+ISs0/2l3T9/kj42ow2mpqerRBxDJnmkUDCaQT/dfNXWX/ZZCQ==}
    engines: {node: '>=12'}
    cpu: [x64]
    os: [freebsd]

  '@esbuild/linux-arm64@0.21.5':
    resolution: {integrity: sha512-ibKvmyYzKsBeX8d8I7MH/TMfWDXBF3db4qM6sy+7re0YXya+K1cem3on9XgdT2EQGMu4hQyZhan7TeQ8XkGp4Q==}
    engines: {node: '>=12'}
    cpu: [arm64]
    os: [linux]

  '@esbuild/linux-arm@0.21.5':
    resolution: {integrity: sha512-bPb5AHZtbeNGjCKVZ9UGqGwo8EUu4cLq68E95A53KlxAPRmUyYv2D6F0uUI65XisGOL1hBP5mTronbgo+0bFcA==}
    engines: {node: '>=12'}
    cpu: [arm]
    os: [linux]

  '@esbuild/linux-ia32@0.21.5':
    resolution: {integrity: sha512-YvjXDqLRqPDl2dvRODYmmhz4rPeVKYvppfGYKSNGdyZkA01046pLWyRKKI3ax8fbJoK5QbxblURkwK/MWY18Tg==}
    engines: {node: '>=12'}
    cpu: [ia32]
    os: [linux]

  '@esbuild/linux-loong64@0.21.5':
    resolution: {integrity: sha512-uHf1BmMG8qEvzdrzAqg2SIG/02+4/DHB6a9Kbya0XDvwDEKCoC8ZRWI5JJvNdUjtciBGFQ5PuBlpEOXQj+JQSg==}
    engines: {node: '>=12'}
    cpu: [loong64]
    os: [linux]

  '@esbuild/linux-mips64el@0.21.5':
    resolution: {integrity: sha512-IajOmO+KJK23bj52dFSNCMsz1QP1DqM6cwLUv3W1QwyxkyIWecfafnI555fvSGqEKwjMXVLokcV5ygHW5b3Jbg==}
    engines: {node: '>=12'}
    cpu: [mips64el]
    os: [linux]

  '@esbuild/linux-ppc64@0.21.5':
    resolution: {integrity: sha512-1hHV/Z4OEfMwpLO8rp7CvlhBDnjsC3CttJXIhBi+5Aj5r+MBvy4egg7wCbe//hSsT+RvDAG7s81tAvpL2XAE4w==}
    engines: {node: '>=12'}
    cpu: [ppc64]
    os: [linux]

  '@esbuild/linux-riscv64@0.21.5':
    resolution: {integrity: sha512-2HdXDMd9GMgTGrPWnJzP2ALSokE/0O5HhTUvWIbD3YdjME8JwvSCnNGBnTThKGEB91OZhzrJ4qIIxk/SBmyDDA==}
    engines: {node: '>=12'}
    cpu: [riscv64]
    os: [linux]

  '@esbuild/linux-s390x@0.21.5':
    resolution: {integrity: sha512-zus5sxzqBJD3eXxwvjN1yQkRepANgxE9lgOW2qLnmr8ikMTphkjgXu1HR01K4FJg8h1kEEDAqDcZQtbrRnB41A==}
    engines: {node: '>=12'}
    cpu: [s390x]
    os: [linux]

  '@esbuild/linux-x64@0.21.5':
    resolution: {integrity: sha512-1rYdTpyv03iycF1+BhzrzQJCdOuAOtaqHTWJZCWvijKD2N5Xu0TtVC8/+1faWqcP9iBCWOmjmhoH94dH82BxPQ==}
    engines: {node: '>=12'}
    cpu: [x64]
    os: [linux]

  '@esbuild/netbsd-x64@0.21.5':
    resolution: {integrity: sha512-Woi2MXzXjMULccIwMnLciyZH4nCIMpWQAs049KEeMvOcNADVxo0UBIQPfSmxB3CWKedngg7sWZdLvLczpe0tLg==}
    engines: {node: '>=12'}
    cpu: [x64]
    os: [netbsd]

  '@esbuild/openbsd-x64@0.21.5':
    resolution: {integrity: sha512-HLNNw99xsvx12lFBUwoT8EVCsSvRNDVxNpjZ7bPn947b8gJPzeHWyNVhFsaerc0n3TsbOINvRP2byTZ5LKezow==}
    engines: {node: '>=12'}
    cpu: [x64]
    os: [openbsd]

  '@esbuild/sunos-x64@0.21.5':
    resolution: {integrity: sha512-6+gjmFpfy0BHU5Tpptkuh8+uw3mnrvgs+dSPQXQOv3ekbordwnzTVEb4qnIvQcYXq6gzkyTnoZ9dZG+D4garKg==}
    engines: {node: '>=12'}
    cpu: [x64]
    os: [sunos]

  '@esbuild/win32-arm64@0.21.5':
    resolution: {integrity: sha512-Z0gOTd75VvXqyq7nsl93zwahcTROgqvuAcYDUr+vOv8uHhNSKROyU961kgtCD1e95IqPKSQKH7tBTslnS3tA8A==}
    engines: {node: '>=12'}
    cpu: [arm64]
    os: [win32]

  '@esbuild/win32-ia32@0.21.5':
    resolution: {integrity: sha512-SWXFF1CL2RVNMaVs+BBClwtfZSvDgtL//G/smwAc5oVK/UPu2Gu9tIaRgFmYFFKrmg3SyAjSrElf0TiJ1v8fYA==}
    engines: {node: '>=12'}
    cpu: [ia32]
    os: [win32]

  '@esbuild/win32-x64@0.21.5':
    resolution: {integrity: sha512-tQd/1efJuzPC6rCFwEvLtci/xNFcTZknmXs98FYDfGE4wP9ClFV98nyKrzJKVPMhdDnjzLhdUyMX4PsQAPjwIw==}
    engines: {node: '>=12'}
    cpu: [x64]
    os: [win32]

  '@exodus/bytes@1.16.0':
    resolution: {integrity: sha512-IcpW84uEn3N7ETtNZMlxKhfl6Pec8rUNGOTBtWbK1FKhJxIFAptZyVrvVRVBimAJxJCgc3PxepxkdWWG4DVzfA==}
    engines: {node: ^20.19.0 || ^22.12.0 || >=24.0.0}
    peerDependencies:
      '@noble/hashes': ^1.8.0 || ^2.0.0
    peerDependenciesMeta:
      '@noble/hashes':
        optional: true

  '@types/node@22.20.0':
    resolution: {integrity: sha512-QWlFW2wf3nTjC13/DqRnBpR4ZO36VJH/JVBkA/vcnmbTBNQIlnObqyqZE1tUR7+Ni23Lda8R1BxMfbXRpCUx5g==}

  '@types/prop-types@15.7.15':
    resolution: {integrity: sha512-F6bEyamV9jKGAFBEmlQnesRPGOQqS2+Uwi0Em15xenOxHaf2hv6L8YCVn3rPdPJOiJfPiCnLIRyvwVaqMY3MIw==}

  '@types/react-dom@18.3.7':
    resolution: {integrity: sha512-MEe3UeoENYVFXzoXEWsvcpg6ZvlrFNlOQ7EOsvhI3CfAXwzPfO8Qwuxd40nepsYKqyyVQnTdEfv68q91yLcKrQ==}
    peerDependencies:
      '@types/react': ^18.0.0

  '@types/react@18.3.31':
    resolution: {integrity: sha512-vfEqpXTvwT91yhmwdfouStN2hSKwTvyRs8qpLfADyrq/kxDw0hZM7Wk9Ug1FELj8hIby+S/+kQCSRFF32nv2Qw==}

  argparse@2.0.1:
    resolution: {integrity: sha512-8+9WqebbFzpX9OR+Wa6O29asIogeRMzcGtAINdpMHHyAg10f05aSFVBbcEqGf/PXw1EjAZ+q2/bEBg3DvurK3Q==}

  bidi-js@1.1.0:
    resolution: {integrity: sha512-fX1Onk0tdVPC7obPWB5EbJ1z7NVhLq4m2xZLq2YXBkxzMXIGRpNMU88n0EPgWseKl12J7zXs7qrDxPK4sRs2fg==}

  css-tree@3.2.1:
    resolution: {integrity: sha512-X7sjQzceUhu1u7Y/ylrRZFU2FS6LRiFVp6rKLPg23y3x3c3DOKAwuXGDp+PAGjh6CSnCjYeAul8pcT8bAl+lSA==}
    engines: {node: ^10 || ^12.20.0 || ^14.13.0 || >=15.0.0}

  csstype@3.2.3:
    resolution: {integrity: sha512-z1HGKcYy2xA8AGQfwrn0PAy+PB7X/GSj3UVJW9qKyn43xWa+gl5nXmU4qqLMRzWVLFC8KusUX8T/0kCiOYpAIQ==}

  data-urls@7.0.0:
    resolution: {integrity: sha512-23XHcCF+coGYevirZceTVD7NdJOqVn+49IHyxgszm+JIiHLoB2TkmPtsYkNWT1pvRSGkc35L6NHs0yHkN2SumA==}
    engines: {node: ^20.19.0 || ^22.12.0 || >=24.0.0}

  decimal.js@10.6.0:
    resolution: {integrity: sha512-YpgQiITW3JXGntzdUmyUR1V812Hn8T1YVXhCu+wO3OpS4eU9l4YdD3qjyiKdV6mvV29zapkMeD390UVEf2lkUg==}

  entities@8.1.0:
    resolution: {integrity: sha512-kxL7msIffSuh9aaFAMD7rxAIuTRMAHMeBtgHW2yUdWw732ZNh4MehkF2gdjvtdmikkaIP9bFDDJOPlsvm7avrA==}
    engines: {node: '>=20.19.0'}

  esbuild@0.21.5:
    resolution: {integrity: sha512-mg3OPMV4hXywwpoDxu3Qda5xCKQi+vCTZq8S9J/EpkhB2HzKXq4SNFZE3+NK93JYxc8VMSep+lOUSC/RVKaBqw==}
    engines: {node: '>=12'}
    hasBin: true

  html-encoding-sniffer@6.0.0:
    resolution: {integrity: sha512-CV9TW3Y3f8/wT0BRFc1/KAVQ3TUHiXmaAb6VW9vtiMFf7SLoMd1PdAc4W3KFOFETBJUb90KatHqlsZMWV+R9Gg==}
    engines: {node: ^20.19.0 || ^22.12.0 || >=24.0.0}

  is-potential-custom-element-name@1.0.1:
    resolution: {integrity: sha512-bCYeRA2rVibKZd+s2625gGnGF/t7DSqDs4dP7CrLA1m7jKWz6pps0LpYLJN8Q64HtmPKJ1hrN3nzPNKFEKOUiQ==}

  js-tokens@4.0.0:
    resolution: {integrity: sha512-RdJUflcE3cUzKiMqQgsCu06FPu9UdIJO0beYbPhHN4k6apgJtifcoCtT9bcxOpYBtpD2kCM6Sbzg4CausW/PKQ==}

  js-yaml@4.2.0:
    resolution: {integrity: sha512-ePWsvanv0DWuDRsW8dnt+R4jQ31SCRCQ7hhNcPXZPsoBZiemuZNYGf7adZdqX2D86j6rvKp3RpCxVTSb8WQlOw==}
    hasBin: true

  jsdom@29.1.1:
    resolution: {integrity: sha512-ECi4Fi2f7BdJtUKTflYRTiaMxIB0O6zfR1fX0GXpUrf6flp8QIYn1UT20YQqdSOfk2dfkCwS8LAFoJDEppNK5Q==}
    engines: {node: ^20.19.0 || ^22.13.0 || >=24.0.0}
    peerDependencies:
      canvas: ^3.0.0
    peerDependenciesMeta:
      canvas:
        optional: true

  loose-envify@1.4.0:
    resolution: {integrity: sha512-lyuxPGr/Wfhrlem2CL/UcnUc1zcqKAImBDzukY7Y5F/yQiNdko6+fRLevlw1HgMySw7f611UIY408EtxRSoK3Q==}
    hasBin: true

  lru-cache@11.5.3:
    resolution: {integrity: sha512-U4N8FgzmWxc8k1VH8Kr6lQg18U7Fjvby6wXHVRX/ZZ7IwWbRMgrRbP0Wrb5q5NVinryp4SQampHKdvtecItxUg==}
    engines: {node: 20 || >=22}

  mdn-data@2.27.1:
    resolution: {integrity: sha512-9Yubnt3e8A0OKwxYSXyhLymGW4sCufcLG6VdiDdUGVkPhpqLxlvP5vl1983gQjJl3tqbrM731mjaZaP68AgosQ==}

  parse5@8.0.1:
    resolution: {integrity: sha512-z1e/HMG90obSGeidlli3hj7cbocou0/wa5HacvI3ASx34PecNjNQeaHNo5WIZpWofN9kgkqV1q5YvXe3F0FoPw==}

  punycode@2.3.1:
    resolution: {integrity: sha512-vYt7UD1U9Wg6138shLtLOvdAu+8DsC/ilFtEVHcH+wydcSpNE20AfSOduf6MkRFahL5FY7X1oU7nKVZFtfq8Fg==}
    engines: {node: '>=6'}

  react-dom@18.3.1:
    resolution: {integrity: sha512-5m4nQKp+rZRb09LNH59GM4BxTh9251/ylbKIbpe7TpGxfJ+9kv6BLkLBXIjjspbgbnIBNqlI23tRnTWT0snUIw==}
    peerDependencies:
      react: ^18.3.1

  react@18.3.1:
    resolution: {integrity: sha512-wS+hAgJShR0KhEvPJArfuPVN1+Hz1t0Y6n5jLrGQbkb4urgPE/0Rve+1kMB1v/oWgHgm4WIcV+i7F2pTVj+2iQ==}
    engines: {node: '>=0.10.0'}

  require-from-string@2.0.2:
    resolution: {integrity: sha512-Xf0nWe6RseziFMu+Ap9biiUbmplq6S9/p+7w7YXP/JBHhrUDDUhwa+vANyubuqfZWTveU//DYVGsDG7RKL/vEw==}
    engines: {node: '>=0.10.0'}

  saxes@6.0.0:
    resolution: {integrity: sha512-xAg7SOnEhrm5zI3puOOKyy1OMcMlIJZYNJY7xLBwSze0UjhPLnWfj2GF2EpT0jmzaJKIWKHLsaSSajf35bcYnA==}
    engines: {node: '>=v12.22.7'}

  scheduler@0.23.2:
    resolution: {integrity: sha512-UOShsPwz7NrMUqhR6t0hWjFduvOzbtv7toDH1/hIrfRNIDBnnBWd0CwJTGvTpngVlmwGCdP9/Zl/tVrDqcuYzQ==}

  source-map-js@1.2.1:
    resolution: {integrity: sha512-UXWMKhLOwVKb728IUtQPXxfYU+usdybtUrK/8uGE8CQMvrhOpwvzDBwj0QhSL7MQc7vIsISBG8VQ8+IDQxpfQA==}
    engines: {node: '>=0.10.0'}

  symbol-tree@3.2.4:
    resolution: {integrity: sha512-9QNk5KwDF+Bvz+PyObkmSYjI5ksVUYtjW7AU22r2NKcfLJcXp96hkDWU3+XndOsUb+AQ9QhfzfCT2O+CNWT5Tw==}

  tldts-core@7.4.15:
    resolution: {integrity: sha512-ERuv0p98XgSzmlSLJr8vDNxX+uATGInlN97V3R+JpYWaSqn5IG3ewWgCwczk4bkOpgth/o8Nt5FOi4B4w0n/1A==}

  tldts@7.4.15:
    resolution: {integrity: sha512-SJVBeHOxDbNoq14CvpAoA2mLEWdbldGK8nR+yumpjY5nrlZxOflcA7p1Qj1gbTGmbu9DY9qLj/bENSWhBzjxRQ==}
    hasBin: true

  tough-cookie@6.0.2:
    resolution: {integrity: sha512-exgYmnmL/sJpR3upZfXG5PoatXQii55xAiXGXzY+sROLZ/Y+SLcp9PgJNI9Vz37HpQ74WvDcLT8eqm+kV3FzrA==}
    engines: {node: '>=16'}

  tr46@6.0.0:
    resolution: {integrity: sha512-bLVMLPtstlZ4iMQHpFHTR7GAGj2jxi8Dg0s2h2MafAE4uSWF98FC/3MomU51iQAMf8/qDUbKWf5GxuvvVcXEhw==}
    engines: {node: '>=20'}

  typescript@6.0.3:
    resolution: {integrity: sha512-y2TvuxSZPDyQakkFRPZHKFm+KKVqIisdg9/CZwm9ftvKXLP8NRWj38/ODjNbr43SsoXqNuAisEf1GdCxqWcdBw==}
    engines: {node: '>=14.17'}
    hasBin: true

  undici-types@6.21.0:
    resolution: {integrity: sha512-iwDZqg0QAGrg9Rav5H4n0M64c3mkR59cJ6wQp+7C4nI0gsmExaedaYLNO44eT4AtBBwjbTiGPMlt2Md0T9H9JQ==}

  undici@7.30.0:
    resolution: {integrity: sha512-dkrQXeHSaoamnItlYbmzG0wFYrM0ZwDxCIg0A7aKjTyyhh9svRzCNFEzV+Vm05/yehjCzjDZ31KXfGEjYSztDQ==}
    engines: {node: '>=20.18.1'}

  w3c-xmlserializer@5.0.0:
    resolution: {integrity: sha512-o8qghlI8NZHU1lLPrpi2+Uq7abh4GGPpYANlalzWxyWteJOCsr/P+oPBA49TOLu5FTZO4d3F9MnWJfiMo4BkmA==}
    engines: {node: '>=18'}

  webidl-conversions@8.0.1:
    resolution: {integrity: sha512-BMhLD/Sw+GbJC21C/UgyaZX41nPt8bUTg+jWyDeg7e7YN4xOM05YPSIXceACnXVtqyEw/LMClUQMtMZ+PGGpqQ==}
    engines: {node: '>=20'}

  whatwg-mimetype@5.0.0:
    resolution: {integrity: sha512-sXcNcHOC51uPGF0P/D4NVtrkjSU2fNsm9iog4ZvZJsL3rjoDAzXZhkm2MWt1y+PUdggKAYVoMAIYcs78wJ51Cw==}
    engines: {node: '>=20'}

  whatwg-url@16.0.1:
    resolution: {integrity: sha512-1to4zXBxmXHV3IiSSEInrreIlu02vUOvrhxJJH5vcxYTBDAx51cqZiKdyTxlecdKNSjj8EcxGBxNf6Vg+945gw==}
    engines: {node: ^20.19.0 || ^22.12.0 || >=24.0.0}

  xml-name-validator@5.0.0:
    resolution: {integrity: sha512-EvGK8EJ3DhaHfbRlETOWAS5pO9MZITeauHKJyb8wyajUfQUenkIg2MvLDTZ4T/TgIcm3HU0TFBgWWboAZ30UHg==}
    engines: {node: '>=18'}

  xmlchars@2.2.0:
    resolution: {integrity: sha512-JZnDKK8B0RCDw84FNdDAIpZK+JuJw+s7Lz8nksI7SIuU3UXJJslUthsi+uWBUYOwPFwW7W7PRLRfUKpxjtjFCw==}

  zod@4.4.3:
    resolution: {integrity: sha512-ytENFjIJFl2UwYglde2jchW2Hwm4GJFLDiSXWdTrJQBIN9Fcyp7n4DhxJEiWNAJMV1/BqWfW/kkg71UDcHJyTQ==}

snapshots:

  '@asamuzakjp/css-color@5.1.11':
    dependencies:
      '@asamuzakjp/generational-cache': 1.0.1
      '@csstools/css-calc': 3.4.1(@csstools/css-parser-algorithms@4.0.1(@csstools/css-tokenizer@4.0.2))(@csstools/css-tokenizer@4.0.2)
      '@csstools/css-color-parser': 4.2.4(@csstools/css-parser-algorithms@4.0.1(@csstools/css-tokenizer@4.0.2))(@csstools/css-tokenizer@4.0.2)
      '@csstools/css-parser-algorithms': 4.0.1(@csstools/css-tokenizer@4.0.2)
      '@csstools/css-tokenizer': 4.0.2

  '@asamuzakjp/dom-selector@7.1.1':
    dependencies:
      '@asamuzakjp/generational-cache': 1.0.1
      '@asamuzakjp/nwsapi': 2.3.9
      bidi-js: 1.1.0
      css-tree: 3.2.1
      is-potential-custom-element-name: 1.0.1

  '@asamuzakjp/generational-cache@1.0.1': {}

  '@asamuzakjp/nwsapi@2.3.9': {}

  '@bramus/specificity@2.4.2':
    dependencies:
      css-tree: 3.2.1

  '@csstools/color-helpers@6.1.2': {}

  '@csstools/css-calc@3.4.1(@csstools/css-parser-algorithms@4.0.1(@csstools/css-tokenizer@4.0.2))(@csstools/css-tokenizer@4.0.2)':
    dependencies:
      '@csstools/css-parser-algorithms': 4.0.1(@csstools/css-tokenizer@4.0.2)
      '@csstools/css-tokenizer': 4.0.2

  '@csstools/css-color-parser@4.2.4(@csstools/css-parser-algorithms@4.0.1(@csstools/css-tokenizer@4.0.2))(@csstools/css-tokenizer@4.0.2)':
    dependencies:
      '@csstools/color-helpers': 6.1.2
      '@csstools/css-calc': 3.4.1(@csstools/css-parser-algorithms@4.0.1(@csstools/css-tokenizer@4.0.2))(@csstools/css-tokenizer@4.0.2)
      '@csstools/css-parser-algorithms': 4.0.1(@csstools/css-tokenizer@4.0.2)
      '@csstools/css-tokenizer': 4.0.2

  '@csstools/css-parser-algorithms@4.0.1(@csstools/css-tokenizer@4.0.2)':
    dependencies:
      '@csstools/css-tokenizer': 4.0.2

  '@csstools/css-syntax-patches-for-csstree@1.1.14(css-tree@3.2.1)':
    optionalDependencies:
      css-tree: 3.2.1

  '@csstools/css-tokenizer@4.0.2': {}

  '@esbuild/aix-ppc64@0.21.5':
    optional: true

  '@esbuild/android-arm64@0.21.5':
    optional: true

  '@esbuild/android-arm@0.21.5':
    optional: true

  '@esbuild/android-x64@0.21.5':
    optional: true

  '@esbuild/darwin-arm64@0.21.5':
    optional: true

  '@esbuild/darwin-x64@0.21.5':
    optional: true

  '@esbuild/freebsd-arm64@0.21.5':
    optional: true

  '@esbuild/freebsd-x64@0.21.5':
    optional: true

  '@esbuild/linux-arm64@0.21.5':
    optional: true

  '@esbuild/linux-arm@0.21.5':
    optional: true

  '@esbuild/linux-ia32@0.21.5':
    optional: true

  '@esbuild/linux-loong64@0.21.5':
    optional: true

  '@esbuild/linux-mips64el@0.21.5':
    optional: true

  '@esbuild/linux-ppc64@0.21.5':
    optional: true

  '@esbuild/linux-riscv64@0.21.5':
    optional: true

  '@esbuild/linux-s390x@0.21.5':
    optional: true

  '@esbuild/linux-x64@0.21.5':
    optional: true

  '@esbuild/netbsd-x64@0.21.5':
    optional: true

  '@esbuild/openbsd-x64@0.21.5':
    optional: true

  '@esbuild/sunos-x64@0.21.5':
    optional: true

  '@esbuild/win32-arm64@0.21.5':
    optional: true

  '@esbuild/win32-ia32@0.21.5':
    optional: true

  '@esbuild/win32-x64@0.21.5':
    optional: true

  '@exodus/bytes@1.16.0': {}

  '@types/node@22.20.0':
    dependencies:
      undici-types: 6.21.0

  '@types/prop-types@15.7.15': {}

  '@types/react-dom@18.3.7(@types/react@18.3.31)':
    dependencies:
      '@types/react': 18.3.31

  '@types/react@18.3.31':
    dependencies:
      '@types/prop-types': 15.7.15
      csstype: 3.2.3

  argparse@2.0.1: {}

  bidi-js@1.1.0:
    dependencies:
      require-from-string: 2.0.2

  css-tree@3.2.1:
    dependencies:
      mdn-data: 2.27.1
      source-map-js: 1.2.1

  csstype@3.2.3: {}

  data-urls@7.0.0:
    dependencies:
      whatwg-mimetype: 5.0.0
      whatwg-url: 16.0.1
    transitivePeerDependencies:
      - '@noble/hashes'

  decimal.js@10.6.0: {}

  entities@8.1.0: {}

  esbuild@0.21.5:
    optionalDependencies:
      '@esbuild/aix-ppc64': 0.21.5
      '@esbuild/android-arm': 0.21.5
      '@esbuild/android-arm64': 0.21.5
      '@esbuild/android-x64': 0.21.5
      '@esbuild/darwin-arm64': 0.21.5
      '@esbuild/darwin-x64': 0.21.5
      '@esbuild/freebsd-arm64': 0.21.5
      '@esbuild/freebsd-x64': 0.21.5
      '@esbuild/linux-arm': 0.21.5
      '@esbuild/linux-arm64': 0.21.5
      '@esbuild/linux-ia32': 0.21.5
      '@esbuild/linux-loong64': 0.21.5
      '@esbuild/linux-mips64el': 0.21.5
      '@esbuild/linux-ppc64': 0.21.5
      '@esbuild/linux-riscv64': 0.21.5
      '@esbuild/linux-s390x': 0.21.5
      '@esbuild/linux-x64': 0.21.5
      '@esbuild/netbsd-x64': 0.21.5
      '@esbuild/openbsd-x64': 0.21.5
      '@esbuild/sunos-x64': 0.21.5
      '@esbuild/win32-arm64': 0.21.5
      '@esbuild/win32-ia32': 0.21.5
      '@esbuild/win32-x64': 0.21.5

  html-encoding-sniffer@6.0.0:
    dependencies:
      '@exodus/bytes': 1.16.0
    transitivePeerDependencies:
      - '@noble/hashes'

  is-potential-custom-element-name@1.0.1: {}

  js-tokens@4.0.0: {}

  js-yaml@4.2.0:
    dependencies:
      argparse: 2.0.1

  jsdom@29.1.1:
    dependencies:
      '@asamuzakjp/css-color': 5.1.11
      '@asamuzakjp/dom-selector': 7.1.1
      '@bramus/specificity': 2.4.2
      '@csstools/css-syntax-patches-for-csstree': 1.1.14(css-tree@3.2.1)
      '@exodus/bytes': 1.16.0
      css-tree: 3.2.1
      data-urls: 7.0.0
      decimal.js: 10.6.0
      html-encoding-sniffer: 6.0.0
      is-potential-custom-element-name: 1.0.1
      lru-cache: 11.5.3
      parse5: 8.0.1
      saxes: 6.0.0
      symbol-tree: 3.2.4
      tough-cookie: 6.0.2
      undici: 7.30.0
      w3c-xmlserializer: 5.0.0
      webidl-conversions: 8.0.1
      whatwg-mimetype: 5.0.0
      whatwg-url: 16.0.1
      xml-name-validator: 5.0.0
    transitivePeerDependencies:
      - '@noble/hashes'

  loose-envify@1.4.0:
    dependencies:
      js-tokens: 4.0.0

  lru-cache@11.5.3: {}

  mdn-data@2.27.1: {}

  parse5@8.0.1:
    dependencies:
      entities: 8.1.0

  punycode@2.3.1: {}

  react-dom@18.3.1(react@18.3.1):
    dependencies:
      loose-envify: 1.4.0
      react: 18.3.1
      scheduler: 0.23.2

  react@18.3.1:
    dependencies:
      loose-envify: 1.4.0

  require-from-string@2.0.2: {}

  saxes@6.0.0:
    dependencies:
      xmlchars: 2.2.0

  scheduler@0.23.2:
    dependencies:
      loose-envify: 1.4.0

  source-map-js@1.2.1: {}

  symbol-tree@3.2.4: {}

  tldts-core@7.4.15: {}

  tldts@7.4.15:
    dependencies:
      tldts-core: 7.4.15

  tough-cookie@6.0.2:
    dependencies:
      tldts: 7.4.15

  tr46@6.0.0:
    dependencies:
      punycode: 2.3.1

  typescript@6.0.3: {}

  undici-types@6.21.0: {}

  undici@7.30.0: {}

  w3c-xmlserializer@5.0.0:
    dependencies:
      xml-name-validator: 5.0.0

  webidl-conversions@8.0.1: {}

  whatwg-mimetype@5.0.0: {}

  whatwg-url@16.0.1:
    dependencies:
      '@exodus/bytes': 1.16.0
      tr46: 6.0.0
      webidl-conversions: 8.0.1
    transitivePeerDependencies:
      - '@noble/hashes'

  xml-name-validator@5.0.0: {}

  xmlchars@2.2.0: {}

  zod@4.4.3: {}
